
Microsoft Visual Studio Solution File, Format Version 12.00
# Visual Studio Version 17
VisualStudioVersion = 17.2.32630.192
MinimumVisualStudioVersion = 10.0.40219.1
Project("{9A19103F-16F7-4668-BE54-9A1E7A4F7556}") = "Meyer.Parts", "Meyer.Parts\Meyer.Parts.csproj", "{A6D2C7AB-8444-4243-989E-83116823811F}"
EndProject
Project("{9A19103F-16F7-4668-BE54-9A1E7A4F7556}") = "Meyer.Parts.Api", "Meyer.Parts.Api\Meyer.Parts.Api.csproj", "{F9328EFF-1B6F-4D09-B88B-06DF83C18FA5}"
EndProject
Project("{9A19103F-16F7-4668-BE54-9A1E7A4F7556}") = "Meyer.Parts.Connector", "Meyer.Parts.Connector\Meyer.Parts.Connector.csproj", "{06BAA486-F64E-4C3E-A0D9-CDDE923A29EE}"
EndProject
Project("{9A19103F-16F7-4668-BE54-9A1E7A4F7556}") = "Meyer.Parts.DatabaseAccess", "Meyer.Parts.DatabaseAccess\Meyer.Parts.DatabaseAccess.csproj", "{C6A02DCA-A0CC-4FE6-915E-E93C78C07D27}"
EndProject
Global
	GlobalSection(SolutionConfigurationPlatforms) = preSolution
		Debug|Any CPU = Debug|Any CPU
		Release|Any CPU = Release|Any CPU
	EndGlobalSection
	GlobalSection(ProjectConfigurationPlatforms) = postSolution
		{A6D2C7AB-8444-4243-989E-83116823811F}.Debug|Any CPU.ActiveCfg = Debug|Any CPU
		{A6D2C7AB-8444-4243-989E-83116823811F}.Debug|Any CPU.Build.0 = Debug|Any CPU
		{A6D2C7AB-8444-4243-989E-83116823811F}.Release|Any CPU.ActiveCfg = Release|Any CPU
		{A6D2C7AB-8444-4243-989E-83116823811F}.Release|Any CPU.Build.0 = Release|Any CPU
		{F9328EFF-1B6F-4D09-B88B-06DF83C18FA5}.Debug|Any CPU.ActiveCfg = Debug|Any CPU
		{F9328EFF-1B6F-4D09-B88B-06DF83C18FA5}.Debug|Any CPU.Build.0 = Debug|Any CPU
		{F9328EFF-1B6F-4D09-B88B-06DF83C18FA5}.Release|Any CPU.ActiveCfg = Release|Any CPU
		{F9328EFF-1B6F-4D09-B88B-06DF83C18FA5}.Release|Any CPU.Build.0 = Release|Any CPU
		{06BAA486-F64E-4C3E-A0D9-CDDE923A29EE}.Debug|Any CPU.ActiveCfg = Debug|Any CPU
		{06BAA486-F64E-4C3E-A0D9-CDDE923A29EE}.Debug|Any CPU.Build.0 = Debug|Any CPU
		{06BAA486-F64E-4C3E-A0D9-CDDE923A29EE}.Release|Any CPU.ActiveCfg = Release|Any CPU
		{06BAA486-F64E-4C3E-A0D9-CDDE923A29EE}.Release|Any CPU.Build.0 = Release|Any CPU
		{C6A02DCA-A0CC-4FE6-915E-E93C78C07D27}.Debug|Any CPU.ActiveCfg = Debug|Any CPU
		{C6A02DCA-A0CC-4FE6-915E-E93C78C07D27}.Debug|Any CPU.Build.0 = Debug|Any CPU
		{C6A02DCA-A0CC-4FE6-915E-E93C78C07D27}.Release|Any CPU.ActiveCfg = Release|Any CPU
		{C6A02DCA-A0CC-4FE6-915E-E93C78C07D27}.Release|Any CPU.Build.0 = Release|Any CPU
	EndGlobalSection
	GlobalSection(SolutionProperties) = preSolution
		HideSolutionNode = FALSE
	EndGlobalSection
	GlobalSection(ExtensibilityGlobals) = postSolution
		SolutionGuid = {01FC47AF-BE8D-4C90-9242-00CFEF89087D}
	EndGlobalSection
EndGlobal
